
Microsoft Visual Studio Solution File, Format Version 12.00
# Visual Studio Version 17
VisualStudioVersion = 17.14.36212.18 d17.14
MinimumVisualStudioVersion = 10.0.40219.1
Project("{F184B08F-C81C-45F6-A57F-5ABD9991F28F}") = "ACTEC_Employee_Management_System", "ACTEC_Employee_Management_System\ACTEC_Employee_Management_System.vbproj", "{6C40B790-97CF-4451-99A6-23F3397ED96B}"
EndProject
Global
	GlobalSection(SolutionConfigurationPlatforms) = preSolution
		Debug|Any CPU = Debug|Any CPU
		Release|Any CPU = Release|Any CPU
	EndGlobalSection
	GlobalSection(ProjectConfigurationPlatforms) = postSolution
		{6C40B790-97CF-4451-99A6-23F3397ED96B}.Debug|Any CPU.ActiveCfg = Debug|Any CPU
		{6C40B790-97CF-4451-99A6-23F3397ED96B}.Debug|Any CPU.Build.0 = Debug|Any CPU
		{6C40B790-97CF-4451-99A6-23F3397ED96B}.Release|Any CPU.ActiveCfg = Release|Any CPU
		{6C40B790-97CF-4451-99A6-23F3397ED96B}.Release|Any CPU.Build.0 = Release|Any CPU
	EndGlobalSection
	GlobalSection(SolutionProperties) = preSolution
		HideSolutionNode = FALSE
	EndGlobalSection
	GlobalSection(ExtensibilityGlobals) = postSolution
		SolutionGuid = {16A8C006-768A-4F3C-9F5E-254AF09C7402}
	EndGlobalSection
EndGlobal
